// !$*UTF8*$!
{
	archiveVersion = 1;
	classes = {
	};
	objectVersion = 50;
	objects = {

/* Begin PBXBuildFile section */
		570A98A42319AB9900AD0A60 /* AppDelegate.swift in Sources */ = {isa = PBXBuildFile; fileRef = 570A98A32319AB9900AD0A60 /* AppDelegate.swift */; };
		570A98A62319AB9900AD0A60 /* ViewController.swift in Sources */ = {isa = PBXBuildFile; fileRef = 570A98A52319AB9900AD0A60 /* ViewController.swift */; };
		570A98A92319AB9900AD0A60 /* Main.storyboard in Resources */ = {isa = PBXBuildFile; fileRef = 570A98A72319AB9900AD0A60 /* Main.storyboard */; };
		570A98AB2319AB9A00AD0A60 /* Assets.xcassets in Resources */ = {isa = PBXBuildFile; fileRef = 570A98AA2319AB9A00AD0A60 /* Assets.xcassets */; };
		570A98AE2319AB9A00AD0A60 /* LaunchScreen.storyboard in Resources */ = {isa = PBXBuildFile; fileRef = 570A98AC2319AB9A00AD0A60 /* LaunchScreen.storyboard */; };
		570A98B92319AB9A00AD0A60 /* Hello_WorldTests.swift in Sources */ = {isa = PBXBuildFile; fileRef = 570A98B82319AB9A00AD0A60 /* Hello_WorldTests.swift */; };
		570A98C42319AB9A00AD0A60 /* Hello_WorldUITests.swift in Sources */ = {isa = PBXBuildFile; fileRef = 570A98C32319AB9A00AD0A60 /* Hello_WorldUITests.swift */; };
/* End PBXBuildFile section */

/* Begin PBXContainerItemProxy section */
		570A98B52319AB9A00AD0A60 /* PBXContainerItemProxy */ = {
			isa = PBXContainerItemProxy;
			containerPortal = 570A98982319AB9900AD0A60 /* Project object */;
			proxyType = 1;
			remoteGlobalIDString = 570A989F2319AB9900AD0A60;
			remoteInfo = "Hello World";
		};
		570A98C02319AB9A00AD0A60 /* PBXContainerItemProxy */ = {
			isa = PBXContainerItemProxy;
			containerPortal = 570A98982319AB9900AD0A60 /* Project object */;
			proxyType = 1;
			remoteGlobalIDString = 570A989F2319AB9900AD0A60;
			remoteInfo = "Hello World";
		};
/* End PBXContainerItemProxy section */

/* Begin PBXFileReference section */
		570A98A02319AB9900AD0A60 /* Hello World.app */ = {isa = PBXFileReference; explicitFileType = wrapper.application; includeInIndex = 0; path = "Hello World.app"; sourceTree = BUILT_PRODUCTS_DIR; };
		570A98A32319AB9900AD0A60 /* AppDelegate.swift */ = {isa = PBXFileReference; lastKnownFileType = sourcecode.swift; path = AppDelegate.swift; sourceTree = "<group>"; };
		570A98A52319AB9900AD0A60 /* ViewController.swift */ = {isa = PBXFileReference; lastKnownFileType = sourcecode.swift; path = ViewController.swift; sourceTree = "<group>"; };
		570A98A82319AB9900AD0A60 /* Base */ = {isa = PBXFileReference; lastKnownFileType = file.storyboard; name = Base; path = Base.lproj/Main.storyboard; sourceTree = "<group>"; };
		570A98AA2319AB9A00AD0A60 /* Assets.xcassets */ = {isa = PBXFileReference; lastKnownFileType = folder.assetcatalog; path = Assets.xcassets; sourceTree = "<group>"; };
		570A98AD2319AB9A00AD0A60 /* Base */ = {isa = PBXFileReference; lastKnownFileType = file.storyboard; name = Base; path = Base.lproj/LaunchScreen.storyboard; sourceTree = "<group>"; };
		570A98AF2319AB9A00AD0A60 /* Info.plist */ = {isa = PBXFileReference; lastKnownFileType = text.plist.xml; path = Info.plist; sourceTree = "<group>"; };
		570A98B42319AB9A00AD0A60 /* Hello WorldTests.xctest */ = {isa = PBXFileReference; explicitFileType = wrapper.cfbundle; includeInIndex = 0; path = "Hello WorldTests.xctest"; sourceTree = BUILT_PRODUCTS_DIR; };
		570A98B82319AB9A00AD0A60 /* Hello_WorldTests.swift */ = {isa = PBXFileReference; lastKnownFileType = sourcecode.swift; path = Hello_WorldTests.swift; sourceTree = "<group>"; };
		570A98BA2319AB9A00AD0A60 /* Info.plist */ = {isa = PBXFileReference; lastKnownFileType = text.plist.xml; path = Info.plist; sourceTree = "<group>"; };
		570A98BF2319AB9A00AD0A60 /* Hello WorldUITests.xctest */ = {isa = PBXFileReference; explicitFileType = wrapper.cfbundle; includeInIndex = 0; path = "Hello WorldUITests.xctest"; sourceTree = BUILT_PRODUCTS_DIR; };
		570A98C32319AB9A00AD0A60 /* Hello_WorldUITests.swift */ = {isa = PBXFileReference; lastKnownFileType = sourcecode.swift; path = Hello_WorldUITests.swift; sourceTree = "<group>"; };
		570A98C52319AB9A00AD0A60 /* Info.plist */ = {isa = PBXFileReference; lastKnownFileType = text.plist.xml; path = Info.plist; sourceTree = "<group>"; };
/* End PBXFileReference section */

/* Begin PBXFrameworksBuildPhase section */
		570A989D2319AB9900AD0A60 /* Frameworks */ = {
			isa = PBXFrameworksBuildPhase;
			buildActionMask = 2147483647;
			files = (
			);
			runOnlyForDeploymentPostprocessing = 0;
		};
		570A98B12319AB9A00AD0A60 /* Frameworks */ = {
			isa = PBXFrameworksBuildPhase;
			buildActionMask = 2147483647;
			files = (
			);
			runOnlyForDeploymentPostprocessing = 0;
		};
		570A98BC2319AB9A00AD0A60 /* Frameworks */ = {
			isa = PBXFrameworksBuildPhase;
			buildActionMask = 2147483647;
			files = (
			);
			runOnlyForDeploymentPostprocessing = 0;
		};
/* End PBXFrameworksBuildPhase section */

/* Begin PBXGroup section */
		570A98972319AB9900AD0A60 = {
			isa = PBXGroup;
			children = (
				570A98A22319AB9900AD0A60 /* Hello World */,
				570A98B72319AB9A00AD0A60 /* Hello WorldTests */,
				570A98C22319AB9A00AD0A60 /* Hello WorldUITests */,
				570A98A12319AB9900AD0A60 /* Products */,
			);
			sourceTree = "<group>";
		};
		570A98A12319AB9900AD0A60 /* Products */ = {
			isa = PBXGroup;
			children = (
				570A98A02319AB9900AD0A60 /* Hello World.app */,
				570A98B42319AB9A00AD0A60 /* Hello WorldTests.xctest */,
				570A98BF2319AB9A00AD0A60 /* Hello WorldUITests.xctest */,
			);
			name = Products;
			sourceTree = "<group>";
		};
		570A98A22319AB9900AD0A60 /* Hello World */ = {
			isa = PBXGroup;
			children = (
				570A98A32319AB9900AD0A60 /* AppDelegate.swift */,
				570A98A52319AB9900AD0A60 /* ViewController.swift */,
				570A98A72319AB9900AD0A60 /* Main.storyboard */,
				570A98AA2319AB9A00AD0A60 /* Assets.xcassets */,
				570A98AC2319AB9A00AD0A60 /* LaunchScreen.storyboard */,
				570A98AF2319AB9A00AD0A60 /* Info.plist */,
			);
			path = "Hello World";
			sourceTree = "<group>";
		};
		570A98B72319AB9A00AD0A60 /* Hello WorldTests */ = {
			isa = PBXGroup;
			children = (
				570A98B82319AB9A00AD0A60 /* Hello_WorldTests.swift */,
				570A98BA2319AB9A00AD0A60 /* Info.plist */,
			);
			path = "Hello WorldTests";
			sourceTree = "<group>";
		};
		570A98C22319AB9A00AD0A60 /* Hello WorldUITests */ = {
			isa = PBXGroup;
			children = (
				570A98C32319AB9A00AD0A60 /* Hello_WorldUITests.swift */,
				570A98C52319AB9A00AD0A60 /* Info.plist */,
			);
			path = "Hello WorldUITests";
			sourceTree = "<group>";
		};
/* End PBXGroup section */

/* Begin PBXNativeTarget section */
		570A989F2319AB9900AD0A60 /* Hello World */ = {
			isa = PBXNativeTarget;
			buildConfigurationList = 570A98C82319AB9A00AD0A60 /* Build configuration list for PBXNativeTarget "Hello World" */;
			buildPhases = (
				570A989C2319AB9900AD0A60 /* Sources */,
				570A989D2319AB9900AD0A60 /* Frameworks */,
				570A989E2319AB9900AD0A60 /* Resources */,
			);
			buildRules = (
			);
			dependencies = (
			);
			name = "Hello World";
			productName = "Hello World";
			productReference = 570A98A02319AB9900AD0A60 /* Hello World.app */;
			productType = "com.apple.product-type.application";
		};
		570A98B32319AB9A00AD0A60 /* Hello WorldTests */ = {
			isa = PBXNativeTarget;
			buildConfigurationList = 570A98CB2319AB9A00AD0A60 /* Build configuration list for PBXNativeTarget "Hello WorldTests" */;
			buildPhases = (
				570A98B02319AB9A00AD0A60 /* Sources */,
				570A98B12319AB9A00AD0A60 /* Frameworks */,
				570A98B22319AB9A00AD0A60 /* Resources */,
			);
			buildRules = (
			);
			dependencies = (
				570A98B62319AB9A00AD0A60 /* PBXTargetDependency */,
			);
			name = "Hello WorldTests";
			productName = "Hello WorldTests";
			productReference = 570A98B42319AB9A00AD0A60 /* Hello WorldTests.xctest */;
			productType = "com.apple.product-type.bundle.unit-test";
		};
		570A98BE2319AB9A00AD0A60 /* Hello WorldUITests */ = {
			isa = PBXNativeTarget;
			buildConfigurationList = 570A98CE2319AB9A00AD0A60 /* Build configuration list for PBXNativeTarget "Hello WorldUITests" */;
			buildPhases = (
				570A98BB2319AB9A00AD0A60 /* Sources */,
				570A98BC2319AB9A00AD0A60 /* Frameworks */,
				570A98BD2319AB9A00AD0A60 /* Resources */,
			);
			buildRules = (
			);
			dependencies = (
				570A98C12319AB9A00AD0A60 /* PBXTargetDependency */,
			);
			name = "Hello WorldUITests";
			productName = "Hello WorldUITests";
			productReference = 570A98BF2319AB9A00AD0A60 /* Hello WorldUITests.xctest */;
			productType = "com.apple.product-type.bundle.ui-testing";
		};
/* End PBXNativeTarget section */

/* Begin PBXProject section */
		570A98982319AB9900AD0A60 /* Project object */ = {
			isa = PBXProject;
			attributes = {
				LastSwiftUpdateCheck = 1010;
				LastUpgradeCheck = 1010;
				ORGANIZATIONNAME = "Robert Chrun";
				TargetAttributes = {
					570A989F2319AB9900AD0A60 = {
						CreatedOnToolsVersion = 10.1;
					};
					570A98B32319AB9A00AD0A60 = {
						CreatedOnToolsVersion = 10.1;
						TestTargetID = 570A989F2319AB9900AD0A60;
					};
					570A98BE2319AB9A00AD0A60 = {
						CreatedOnToolsVersion = 10.1;
						TestTargetID = 570A989F2319AB9900AD0A60;
					};
				};
			};
			buildConfigurationList = 570A989B2319AB9900AD0A60 /* Build configuration list for PBXProject "Hello World" */;
			compatibilityVersion = "Xcode 9.3";
			developmentRegion = en;
			hasScannedForEncodings = 0;
			knownRegions = (
				en,
				Base,
			);
			mainGroup = 570A98972319AB9900AD0A60;
			productRefGroup = 570A98A12319AB9900AD0A60 /* Products */;
			projectDirPath = "";
			projectRoot = "";
			targets = (
				570A989F2319AB9900AD0A60 /* Hello World */,
				570A98B32319AB9A00AD0A60 /* Hello WorldTests */,
				570A98BE2319AB9A00AD0A60 /* Hello WorldUITests */,
			);
		};
/* End PBXProject section */

/* Begin PBXResourcesBuildPhase section */
		570A989E2319AB9900AD0A60 /* Resources */ = {
			isa = PBXResourcesBuildPhase;
			buildActionMask = 2147483647;
			files = (
				570A98AE2319AB9A00AD0A60 /* LaunchScreen.storyboard in Resources */,
				570A98AB2319AB9A00AD0A60 /* Assets.xcassets in Resources */,
				570A98A92319AB9900AD0A60 /* Main.storyboard in Resources */,
			);
			runOnlyForDeploymentPostprocessing = 0;
		};
		570A98B22319AB9A00AD0A60 /* Resources */ = {
			isa = PBXResourcesBuildPhase;
			buildActionMask = 2147483647;
			files = (
			);
			runOnlyForDeploymentPostprocessing = 0;
		};
		570A98BD2319AB9A00AD0A60 /* Resources */ = {
			isa = PBXResourcesBuildPhase;
			buildActionMask = 2147483647;
			files = (
			);
			runOnlyForDeploymentPostprocessing = 0;
		};
/* End PBXResourcesBuildPhase section */

/* Begin PBXSourcesBuildPhase section */
		570A989C2319AB9900AD0A60 /* Sources */ = {
			isa = PBXSourcesBuildPhase;
			buildActionMask = 2147483647;
			files = (
				570A98A62319AB9900AD0A60 /* ViewController.swift in Sources */,
				570A98A42319AB9900AD0A60 /* AppDelegate.swift in Sources */,
			);
			runOnlyForDeploymentPostprocessing = 0;
		};
		570A98B02319AB9A00AD0A60 /* Sources */ = {
			isa = PBXSourcesBuildPhase;
			buildActionMask = 2147483647;
			files = (
				570A98B92319AB9A00AD0A60 /* Hello_WorldTests.swift in Sources */,
			);
			runOnlyForDeploymentPostprocessing = 0;
		};
		570A98BB2319AB9A00AD0A60 /* Sources */ = {
			isa = PBXSourcesBuildPhase;
			buildActionMask = 2147483647;
			files = (
				570A98C42319AB9A00AD0A60 /* Hello_WorldUITests.swift in Sources */,
			);
			runOnlyForDeploymentPostprocessing = 0;
		};
/* End PBXSourcesBuildPhase section */

/* Begin PBXTargetDependency section */
		570A98B62319AB9A00AD0A60 /* PBXTargetDependency */ = {
			isa = PBXTargetDependency;
			target = 570A989F2319AB9900AD0A60 /* Hello World */;
			targetProxy = 570A98B52319AB9A00AD0A60 /* PBXContainerItemProxy */;
		};
		570A98C12319AB9A00AD0A60 /* PBXTargetDependency */ = {
			isa = PBXTargetDependency;
			target = 570A989F2319AB9900AD0A60 /* Hello World */;
			targetProxy = 570A98C02319AB9A00AD0A60 /* PBXContainerItemProxy */;
		};
/* End PBXTargetDependency section */

/* Begin PBXVariantGroup section */
		570A98A72319AB9900AD0A60 /* Main.storyboard */ = {
			isa = PBXVariantGroup;
			children = (
				570A98A82319AB9900AD0A60 /* Base */,
			);
			name = Main.storyboard;
			sourceTree = "<group>";
		};
		570A98AC2319AB9A00AD0A60 /* LaunchScreen.storyboard */ = {
			isa = PBXVariantGroup;
			children = (
				570A98AD2319AB9A00AD0A60 /* Base */,
			);
			name = LaunchScreen.storyboard;
			sourceTree = "<group>";
		};
/* End PBXVariantGroup section */

/* Begin XCBuildConfiguration section */
		570A98C62319AB9A00AD0A60 /* Debug */ = {
			isa = XCBuildConfiguration;
			buildSettings = {
				ALWAYS_SEARCH_USER_PATHS = NO;
				CLANG_ANALYZER_NONNULL = YES;
				CLANG_ANALYZER_NUMBER_OBJECT_CONVERSION = YES_AGGRESSIVE;
				CLANG_CXX_LANGUAGE_STANDARD = "gnu++14";
				CLANG_CXX_LIBRARY = "libc++";
				CLANG_ENABLE_MODULES = YES;
				CLANG_ENABLE_OBJC_ARC = YES;
				CLANG_ENABLE_OBJC_WEAK = YES;
				CLANG_WARN_BLOCK_CAPTURE_AUTORELEASING = YES;
				CLANG_WARN_BOOL_CONVERSION = YES;
				CLANG_WARN_COMMA = YES;
				CLANG_WARN_CONSTANT_CONVERSION = YES;
				CLANG_WARN_DEPRECATED_OBJC_IMPLEMENTATIONS = YES;
				CLANG_WARN_DIRECT_OBJC_ISA_USAGE = YES_ERROR;
				CLANG_WARN_DOCUMENTATION_COMMENTS = YES;
				CLANG_WARN_EMPTY_BODY = YES;
				CLANG_WARN_ENUM_CONVERSION = YES;
				CLANG_WARN_INFINITE_RECURSION = YES;
				CLANG_WARN_INT_CONVERSION = YES;
				CLANG_WARN_NON_LITERAL_NULL_CONVERSION = YES;
				CLANG_WARN_OBJC_IMPLICIT_RETAIN_SELF = YES;
				CLANG_WARN_OBJC_LITERAL_CONVERSION = YES;
				CLANG_WARN_OBJC_ROOT_CLASS = YES_ERROR;
				CLANG_WARN_RANGE_LOOP_ANALYSIS = YES;
				CLANG_WARN_STRICT_PROTOTYPES = YES;
				CLANG_WARN_SUSPICIOUS_MOVE = YES;
				CLANG_WARN_UNGUARDED_AVAILABILITY = YES_AGGRESSIVE;
				CLANG_WARN_UNREACHABLE_CODE = YES;
				CLANG_WARN__DUPLICATE_METHOD_MATCH = YES;
				CODE_SIGN_IDENTITY = "iPhone Developer";
				COPY_PHASE_STRIP = NO;
				DEBUG_INFORMATION_FORMAT = dwarf;
				ENABLE_STRICT_OBJC_MSGSEND = YES;
				ENABLE_TESTABILITY = YES;
				GCC_C_LANGUAGE_STANDARD = gnu11;
				GCC_DYNAMIC_NO_PIC = NO;
				GCC_NO_COMMON_BLOCKS = YES;
				GCC_OPTIMIZATION_LEVEL = 0;
				GCC_PREPROCESSOR_DEFINITIONS = (
					"DEBUG=1",
					"$(inherited)",
				);
				GCC_WARN_64_TO_32_BIT_CONVERSION = YES;
				GCC_WARN_ABOUT_RETURN_TYPE = YES_ERROR;
				GCC_WARN_UNDECLARED_SELECTOR = YES;
				GCC_WARN_UNINITIALIZED_AUTOS = YES_AGGRESSIVE;
				GCC_WARN_UNUSED_FUNCTION = YES;
				GCC_WARN_UNUSED_VARIABLE = YES;
				IPHONEOS_DEPLOYMENT_TARGET = 12.1;
				MTL_ENABLE_DEBUG_INFO = INCLUDE_SOURCE;
				MTL_FAST_MATH = YES;
				ONLY_ACTIVE_ARCH = YES;
				SDKROOT = iphoneos;
				SWIFT_ACTIVE_COMPILATION_CONDITIONS = DEBUG;
				SWIFT_OPTIMIZATION_LEVEL = "-Onone";
			};
			name = Debug;
		};
		570A98C72319AB9A00AD0A60 /* Release */ = {
			isa = XCBuildConfiguration;
			buildSettings = {
				ALWAYS_SEARCH_USER_PATHS = NO;
				CLANG_ANALYZER_NONNULL = YES;
				CLANG_ANALYZER_NUMBER_OBJECT_CONVERSION = YES_AGGRESSIVE;
				CLANG_CXX_LANGUAGE_STANDARD = "gnu++14";
				CLANG_CXX_LIBRARY = "libc++";
				CLANG_ENABLE_MODULES = YES;
				CLANG_ENABLE_OBJC_ARC = YES;
				CLANG_ENABLE_OBJC_WEAK = YES;
				CLANG_WARN_BLOCK_CAPTURE_AUTORELEASING = YES;
				CLANG_WARN_BOOL_CONVERSION = YES;
				CLANG_WARN_COMMA = YES;
				CLANG_WARN_CONSTANT_CONVERSION = YES;
				CLANG_WARN_DEPRECATED_OBJC_IMPLEMENTATIONS = YES;
				CLANG_WARN_DIRECT_OBJC_ISA_USAGE = YES_ERROR;
				CLANG_WARN_DOCUMENTATION_COMMENTS = YES;
				CLANG_WARN_EMPTY_BODY = YES;
				CLANG_WARN_ENUM_CONVERSION = YES;
				CLANG_WARN_INFINITE_RECURSION = YES;
				CLANG_WARN_INT_CONVERSION = YES;
				CLANG_WARN_NON_LITERAL_NULL_CONVERSION = YES;
				CLANG_WARN_OBJC_IMPLICIT_RETAIN_SELF = YES;
				CLANG_WARN_OBJC_LITERAL_CONVERSION = YES;
				CLANG_WARN_OBJC_ROOT_CLASS = YES_ERROR;
				CLANG_WARN_RANGE_LOOP_ANALYSIS = YES;
				CLANG_WARN_STRICT_PROTOTYPES = YES;
				CLANG_WARN_SUSPICIOUS_MOVE = YES;
				CLANG_WARN_UNGUARDED_AVAILABILITY = YES_AGGRESSIVE;
				CLANG_WARN_UNREACHABLE_CODE = YES;
				CLANG_WARN__DUPLICATE_METHOD_MATCH = YES;
				CODE_SIGN_IDENTITY = "iPhone Developer";
				COPY_PHASE_STRIP = NO;
				DEBUG_INFORMATION_FORMAT = "dwarf-with-dsym";
				ENABLE_NS_ASSERTIONS = NO;
				ENABLE_STRICT_OBJC_MSGSEND = YES;
				GCC_C_LANGUAGE_STANDARD = gnu11;
				GCC_NO_COMMON_BLOCKS = YES;
				GCC_WARN_64_TO_32_BIT_CONVERSION = YES;
				GCC_WARN_ABOUT_RETURN_TYPE = YES_ERROR;
				GCC_WARN_UNDECLARED_SELECTOR = YES;
				GCC_WARN_UNINITIALIZED_AUTOS = YES_AGGRESSIVE;
				GCC_WARN_UNUSED_FUNCTION = YES;
				GCC_WARN_UNUSED_VARIABLE = YES;
				IPHONEOS_DEPLOYMENT_TARGET = 12.1;
				MTL_ENABLE_DEBUG_INFO = NO;
				MTL_FAST_MATH = YES;
				SDKROOT = iphoneos;
				SWIFT_COMPILATION_MODE = wholemodule;
				SWIFT_OPTIMIZATION_LEVEL = "-O";
				VALIDATE_PRODUCT = YES;
			};
			name = Release;
		};
		570A98C92319AB9A00AD0A60 /* Debug */ = {
			isa = XCBuildConfiguration;
			buildSettings = {
				ASSETCATALOG_COMPILER_APPICON_NAME = AppIcon;
				CODE_SIGN_STYLE = Automatic;
				DEVELOPMENT_TEAM = XF2K5Z38Y8;
				INFOPLIST_FILE = "Hello World/Info.plist";
				LD_RUNPATH_SEARCH_PATHS = (
					"$(inherited)",
					"@executable_path/Frameworks",
				);
				PRODUCT_BUNDLE_IDENTIFIER = "edu.missouri.Hello-World";
				PRODUCT_NAME = "$(TARGET_NAME)";
				SWIFT_VERSION = 4.2;
				TARGETED_DEVICE_FAMILY = "1,2";
			};
			name = Debug;
		};
		570A98CA2319AB9A00AD0A60 /* Release */ = {
			isa = XCBuildConfiguration;
			buildSettings = {
				ASSETCATALOG_COMPILER_APPICON_NAME = AppIcon;
				CODE_SIGN_STYLE = Automatic;
				DEVELOPMENT_TEAM = XF2K5Z38Y8;
				INFOPLIST_FILE = "Hello World/Info.plist";
				LD_RUNPATH_SEARCH_PATHS = (
					"$(inherited)",
					"@executable_path/Frameworks",
				);
				PRODUCT_BUNDLE_IDENTIFIER = "edu.missouri.Hello-World";
				PRODUCT_NAME = "$(TARGET_NAME)";
				SWIFT_VERSION = 4.2;
				TARGETED_DEVICE_FAMILY = "1,2";
			};
			name = Release;
		};
		570A98CC2319AB9A00AD0A60 /* Debug */ = {
			isa = XCBuildConfiguration;
			buildSettings = {
				ALWAYS_EMBED_SWIFT_STANDARD_LIBRARIES = YES;
				BUNDLE_LOADER = "$(TEST_HOST)";
				CODE_SIGN_STYLE = Automatic;
				DEVELOPMENT_TEAM = XF2K5Z38Y8;
				INFOPLIST_FILE = "Hello WorldTests/Info.plist";
				LD_RUNPATH_SEARCH_PATHS = (
					"$(inherited)",
					"@executable_path/Frameworks",
					"@loader_path/Frameworks",
				);
				PRODUCT_BUNDLE_IDENTIFIER = "edu.missouri.Hello-WorldTests";
				PRODUCT_NAME = "$(TARGET_NAME)";
				SWIFT_VERSION = 4.2;
				TARGETED_DEVICE_FAMILY = "1,2";
				TEST_HOST = "$(BUILT_PRODUCTS_DIR)/Hello World.app/Hello World";
			};
			name = Debug;
		};
		570A98CD2319AB9A00AD0A60 /* Release */ = {
			isa = XCBuildConfiguration;
			buildSettings = {
				ALWAYS_EMBED_SWIFT_STANDARD_LIBRARIES = YES;
				BUNDLE_LOADER = "$(TEST_HOST)";
				CODE_SIGN_STYLE = Automatic;
				DEVELOPMENT_TEAM = XF2K5Z38Y8;
				INFOPLIST_FILE = "Hello WorldTests/Info.plist";
				LD_RUNPATH_SEARCH_PATHS = (
					"$(inherited)",
					"@executable_path/Frameworks",
					"@loader_path/Frameworks",
				);
				PRODUCT_BUNDLE_IDENTIFIER = "edu.missouri.Hello-WorldTests";
				PRODUCT_NAME = "$(TARGET_NAME)";
				SWIFT_VERSION = 4.2;
				TARGETED_DEVICE_FAMILY = "1,2";
				TEST_HOST = "$(BUILT_PRODUCTS_DIR)/Hello World.app/Hello World";
			};
			name = Release;
		};
		570A98CF2319AB9A00AD0A60 /* Debug */ = {
			isa = XCBuildConfiguration;
			buildSettings = {
				ALWAYS_EMBED_SWIFT_STANDARD_LIBRARIES = YES;
				CODE_SIGN_STYLE = Automatic;
				DEVELOPMENT_TEAM = XF2K5Z38Y8;
				INFOPLIST_FILE = "Hello WorldUITests/Info.plist";
				LD_RUNPATH_SEARCH_PATHS = (
					"$(inherited)",
					"@executable_path/Frameworks",
					"@loader_path/Frameworks",
				);
				PRODUCT_BUNDLE_IDENTIFIER = "edu.missouri.Hello-WorldUITests";
				PRODUCT_NAME = "$(TARGET_NAME)";
				SWIFT_VERSION = 4.2;
				TARGETED_DEVICE_FAMILY = "1,2";
				TEST_TARGET_NAME = "Hello World";
			};
			name = Debug;
		};
		570A98D02319AB9A00AD0A60 /* Release */ = {
			isa = XCBuildConfiguration;
			buildSettings = {
				ALWAYS_EMBED_SWIFT_STANDARD_LIBRARIES = YES;
				CODE_SIGN_STYLE = Automatic;
				DEVELOPMENT_TEAM = XF2K5Z38Y8;
				INFOPLIST_FILE = "Hello WorldUITests/Info.plist";
				LD_RUNPATH_SEARCH_PATHS = (
					"$(inherited)",
					"@executable_path/Frameworks",
					"@loader_path/Frameworks",
				);
				PRODUCT_BUNDLE_IDENTIFIER = "edu.missouri.Hello-WorldUITests";
				PRODUCT_NAME = "$(TARGET_NAME)";
				SWIFT_VERSION = 4.2;
				TARGETED_DEVICE_FAMILY = "1,2";
				TEST_TARGET_NAME = "Hello World";
			};
			name = Release;
		};
/* End XCBuildConfiguration section */

/* Begin XCConfigurationList section */
		570A989B2319AB9900AD0A60 /* Build configuration list for PBXProject "Hello World" */ = {
			isa = XCConfigurationList;
			buildConfigurations = (
				570A98C62319AB9A00AD0A60 /* Debug */,
				570A98C72319AB9A00AD0A60 /* Release */,
			);
			defaultConfigurationIsVisible = 0;
			defaultConfigurationName = Release;
		};
		570A98C82319AB9A00AD0A60 /* Build configuration list for PBXNativeTarget "Hello World" */ = {
			isa = XCConfigurationList;
			buildConfigurations = (
				570A98C92319AB9A00AD0A60 /* Debug */,
				570A98CA2319AB9A00AD0A60 /* Release */,
			);
			defaultConfigurationIsVisible = 0;
			defaultConfigurationName = Release;
		};
		570A98CB2319AB9A00AD0A60 /* Build configuration list for PBXNativeTarget "Hello WorldTests" */ = {
			isa = XCConfigurationList;
			buildConfigurations = (
				570A98CC2319AB9A00AD0A60 /* Debug */,
				570A98CD2319AB9A00AD0A60 /* Release */,
			);
			defaultConfigurationIsVisible = 0;
			defaultConfigurationName = Release;
		};
		570A98CE2319AB9A00AD0A60 /* Build configuration list for PBXNativeTarget "Hello WorldUITests" */ = {
			isa = XCConfigurationList;
			buildConfigurations = (
				570A98CF2319AB9A00AD0A60 /* Debug */,
				570A98D02319AB9A00AD0A60 /* Release */,
			);
			defaultConfigurationIsVisible = 0;
			defaultConfigurationName = Release;
		};
/* End XCConfigurationList section */
	};
	rootObject = 570A98982319AB9900AD0A60 /* Project object */;
}
